
Microsoft Visual Studio Solution File, Format Version 12.00
# Visual Studio 15
Project("{FAE04EC0-301F-11D3-BF4B-00C04F79EFBC}") = "Assembly-CSharp", "Assembly-CSharp.csproj", "{F824485B-3D4A-DBDF-6CD3-90C2545EC1FF}"
EndProject
Global
	GlobalSection(SolutionConfigurationPlatforms) = preSolution
		Debug|Any CPU = Debug|Any CPU
		Release|Any CPU = Release|Any CPU
	EndGlobalSection
	GlobalSection(ProjectConfigurationPlatforms) = postSolution
		{F824485B-3D4A-DBDF-6CD3-90C2545EC1FF}.Debug|Any CPU.ActiveCfg = Debug|Any CPU
		{F824485B-3D4A-DBDF-6CD3-90C2545EC1FF}.Debug|Any CPU.Build.0 = Debug|Any CPU
		{F824485B-3D4A-DBDF-6CD3-90C2545EC1FF}.Release|Any CPU.ActiveCfg = Release|Any CPU
		{F824485B-3D4A-DBDF-6CD3-90C2545EC1FF}.Release|Any CPU.Build.0 = Release|Any CPU
	EndGlobalSection
	GlobalSection(SolutionProperties) = preSolution
		HideSolutionNode = FALSE
	EndGlobalSection
EndGlobal
